// !$*UTF8*$!
{
	archiveVersion = 1;
	classes = {
	};
	objectVersion = 46;
	objects = {

/* Begin PBXBuildFile section */
		3D4A68F519D88292006A5153 /* HTMLContent in Resources */ = {isa = PBXBuildFile; fileRef = 3D4A68F419D88292006A5153 /* HTMLContent */; };
		3D4A691519D8BA57006A5153 /* EmailContent.swift in Sources */ = {isa = PBXBuildFile; fileRef = 3D4A691419D8BA57006A5153 /* EmailContent.swift */; };
		3D6AAD9D19D7B5400013E5F5 /* AppDelegate.swift in Sources */ = {isa = PBXBuildFile; fileRef = 3D6AAD9C19D7B5400013E5F5 /* AppDelegate.swift */; };
		3D6AAD9F19D7B5400013E5F5 /* ViewController.swift in Sources */ = {isa = PBXBuildFile; fileRef = 3D6AAD9E19D7B5400013E5F5 /* ViewController.swift */; };
		3D6AADA219D7B5400013E5F5 /* Main.storyboard in Resources */ = {isa = PBXBuildFile; fileRef = 3D6AADA019D7B5400013E5F5 /* Main.storyboard */; };
		3D6AADA419D7B5400013E5F5 /* Images.xcassets in Resources */ = {isa = PBXBuildFile; fileRef = 3D6AADA319D7B5400013E5F5 /* Images.xcassets */; };
		3D6AADA719D7B5400013E5F5 /* LaunchScreen.xib in Resources */ = {isa = PBXBuildFile; fileRef = 3D6AADA519D7B5400013E5F5 /* LaunchScreen.xib */; };
		3D6AADB319D7B5410013E5F5 /* MailCellTests.swift in Sources */ = {isa = PBXBuildFile; fileRef = 3D6AADB219D7B5410013E5F5 /* MailCellTests.swift */; };
		3D6AADBE19D7B56B0013E5F5 /* FuturaStd-Bold.otf in Resources */ = {isa = PBXBuildFile; fileRef = 3D6AADBC19D7B56B0013E5F5 /* FuturaStd-Bold.otf */; };
		3D6AADBF19D7B56B0013E5F5 /* FuturaStd-Book.otf in Resources */ = {isa = PBXBuildFile; fileRef = 3D6AADBD19D7B56B0013E5F5 /* FuturaStd-Book.otf */; };
		3D6AADC119D7CD510013E5F5 /* Sabon-Roman.ttf in Resources */ = {isa = PBXBuildFile; fileRef = 3D6AADC019D7CD140013E5F5 /* Sabon-Roman.ttf */; };
/* End PBXBuildFile section */

/* Begin PBXContainerItemProxy section */
		3D6AADAD19D7B5410013E5F5 /* PBXContainerItemProxy */ = {
			isa = PBXContainerItemProxy;
			containerPortal = 3D6AAD8F19D7B5400013E5F5 /* Project object */;
			proxyType = 1;
			remoteGlobalIDString = 3D6AAD9619D7B5400013E5F5;
			remoteInfo = MailCell;
		};
/* End PBXContainerItemProxy section */

/* Begin PBXFileReference section */
		3D4A68F419D88292006A5153 /* HTMLContent */ = {isa = PBXFileReference; lastKnownFileType = folder; path = HTMLContent; sourceTree = "<group>"; };
		3D4A691419D8BA57006A5153 /* EmailContent.swift */ = {isa = PBXFileReference; fileEncoding = 4; lastKnownFileType = sourcecode.swift; path = EmailContent.swift; sourceTree = "<group>"; };
		3D6AAD9719D7B5400013E5F5 /* MailCell.app */ = {isa = PBXFileReference; explicitFileType = wrapper.application; includeInIndex = 0; path = MailCell.app; sourceTree = BUILT_PRODUCTS_DIR; };
		3D6AAD9B19D7B5400013E5F5 /* Info.plist */ = {isa = PBXFileReference; lastKnownFileType = text.plist.xml; path = Info.plist; sourceTree = "<group>"; };
		3D6AAD9C19D7B5400013E5F5 /* AppDelegate.swift */ = {isa = PBXFileReference; lastKnownFileType = sourcecode.swift; path = AppDelegate.swift; sourceTree = "<group>"; };
		3D6AAD9E19D7B5400013E5F5 /* ViewController.swift */ = {isa = PBXFileReference; lastKnownFileType = sourcecode.swift; path = ViewController.swift; sourceTree = "<group>"; usesTabs = 1; };
		3D6AADA119D7B5400013E5F5 /* Base */ = {isa = PBXFileReference; lastKnownFileType = file.storyboard; name = Base; path = Base.lproj/Main.storyboard; sourceTree = "<group>"; };
		3D6AADA319D7B5400013E5F5 /* Images.xcassets */ = {isa = PBXFileReference; lastKnownFileType = folder.assetcatalog; path = Images.xcassets; sourceTree = "<group>"; };
		3D6AADA619D7B5400013E5F5 /* Base */ = {isa = PBXFileReference; lastKnownFileType = file.xib; name = Base; path = Base.lproj/LaunchScreen.xib; sourceTree = "<group>"; };
		3D6AADAC19D7B5410013E5F5 /* MailCellTests.xctest */ = {isa = PBXFileReference; explicitFileType = wrapper.cfbundle; includeInIndex = 0; path = MailCellTests.xctest; sourceTree = BUILT_PRODUCTS_DIR; };
		3D6AADB119D7B5410013E5F5 /* Info.plist */ = {isa = PBXFileReference; lastKnownFileType = text.plist.xml; path = Info.plist; sourceTree = "<group>"; };
		3D6AADB219D7B5410013E5F5 /* MailCellTests.swift */ = {isa = PBXFileReference; lastKnownFileType = sourcecode.swift; path = MailCellTests.swift; sourceTree = "<group>"; };
		3D6AADBC19D7B56B0013E5F5 /* FuturaStd-Bold.otf */ = {isa = PBXFileReference; lastKnownFileType = file; path = "FuturaStd-Bold.otf"; sourceTree = "<group>"; };
		3D6AADBD19D7B56B0013E5F5 /* FuturaStd-Book.otf */ = {isa = PBXFileReference; lastKnownFileType = file; path = "FuturaStd-Book.otf"; sourceTree = "<group>"; };
		3D6AADC019D7CD140013E5F5 /* Sabon-Roman.ttf */ = {isa = PBXFileReference; lastKnownFileType = file; path = "Sabon-Roman.ttf"; sourceTree = "<group>"; };
/* End PBXFileReference section */

/* Begin PBXFrameworksBuildPhase section */
		3D6AAD9419D7B5400013E5F5 /* Frameworks */ = {
			isa = PBXFrameworksBuildPhase;
			buildActionMask = 2147483647;
			files = (
			);
			runOnlyForDeploymentPostprocessing = 0;
		};
		3D6AADA919D7B5410013E5F5 /* Frameworks */ = {
			isa = PBXFrameworksBuildPhase;
			buildActionMask = 2147483647;
			files = (
			);
			runOnlyForDeploymentPostprocessing = 0;
		};
/* End PBXFrameworksBuildPhase section */

/* Begin PBXGroup section */
		3D6AAD8E19D7B5400013E5F5 = {
			isa = PBXGroup;
			children = (
				3D6AAD9919D7B5400013E5F5 /* MailCell */,
				3D6AADAF19D7B5410013E5F5 /* MailCellTests */,
				3D6AAD9819D7B5400013E5F5 /* Products */,
			);
			sourceTree = "<group>";
		};
		3D6AAD9819D7B5400013E5F5 /* Products */ = {
			isa = PBXGroup;
			children = (
				3D6AAD9719D7B5400013E5F5 /* MailCell.app */,
				3D6AADAC19D7B5410013E5F5 /* MailCellTests.xctest */,
			);
			name = Products;
			sourceTree = "<group>";
		};
		3D6AAD9919D7B5400013E5F5 /* MailCell */ = {
			isa = PBXGroup;
			children = (
				3D6AADBC19D7B56B0013E5F5 /* FuturaStd-Bold.otf */,
				3D6AADBD19D7B56B0013E5F5 /* FuturaStd-Book.otf */,
				3D6AADC019D7CD140013E5F5 /* Sabon-Roman.ttf */,
				3D6AAD9C19D7B5400013E5F5 /* AppDelegate.swift */,
				3D6AAD9E19D7B5400013E5F5 /* ViewController.swift */,
				3D4A691419D8BA57006A5153 /* EmailContent.swift */,
				3D6AADA019D7B5400013E5F5 /* Main.storyboard */,
				3D6AADA319D7B5400013E5F5 /* Images.xcassets */,
				3D6AADA519D7B5400013E5F5 /* LaunchScreen.xib */,
				3D6AAD9A19D7B5400013E5F5 /* Supporting Files */,
			);
			path = MailCell;
			sourceTree = "<group>";
		};
		3D6AAD9A19D7B5400013E5F5 /* Supporting Files */ = {
			isa = PBXGroup;
			children = (
				3D4A68F419D88292006A5153 /* HTMLContent */,
				3D6AAD9B19D7B5400013E5F5 /* Info.plist */,
			);
			name = "Supporting Files";
			sourceTree = "<group>";
		};
		3D6AADAF19D7B5410013E5F5 /* MailCellTests */ = {
			isa = PBXGroup;
			children = (
				3D6AADB219D7B5410013E5F5 /* MailCellTests.swift */,
				3D6AADB019D7B5410013E5F5 /* Supporting Files */,
			);
			path = MailCellTests;
			sourceTree = "<group>";
		};
		3D6AADB019D7B5410013E5F5 /* Supporting Files */ = {
			isa = PBXGroup;
			children = (
				3D6AADB119D7B5410013E5F5 /* Info.plist */,
			);
			name = "Supporting Files";
			sourceTree = "<group>";
		};
/* End PBXGroup section */

/* Begin PBXNativeTarget section */
		3D6AAD9619D7B5400013E5F5 /* MailCell */ = {
			isa = PBXNativeTarget;
			buildConfigurationList = 3D6AADB619D7B5410013E5F5 /* Build configuration list for PBXNativeTarget "MailCell" */;
			buildPhases = (
				3D6AAD9319D7B5400013E5F5 /* Sources */,
				3D6AAD9419D7B5400013E5F5 /* Frameworks */,
				3D6AAD9519D7B5400013E5F5 /* Resources */,
			);
			buildRules = (
			);
			dependencies = (
			);
			name = MailCell;
			productName = MailCell;
			productReference = 3D6AAD9719D7B5400013E5F5 /* MailCell.app */;
			productType = "com.apple.product-type.application";
		};
		3D6AADAB19D7B5410013E5F5 /* MailCellTests */ = {
			isa = PBXNativeTarget;
			buildConfigurationList = 3D6AADB919D7B5410013E5F5 /* Build configuration list for PBXNativeTarget "MailCellTests" */;
			buildPhases = (
				3D6AADA819D7B5410013E5F5 /* Sources */,
				3D6AADA919D7B5410013E5F5 /* Frameworks */,
				3D6AADAA19D7B5410013E5F5 /* Resources */,
			);
			buildRules = (
			);
			dependencies = (
				3D6AADAE19D7B5410013E5F5 /* PBXTargetDependency */,
			);
			name = MailCellTests;
			productName = MailCellTests;
			productReference = 3D6AADAC19D7B5410013E5F5 /* MailCellTests.xctest */;
			productType = "com.apple.product-type.bundle.unit-test";
		};
/* End PBXNativeTarget section */

/* Begin PBXProject section */
		3D6AAD8F19D7B5400013E5F5 /* Project object */ = {
			isa = PBXProject;
			attributes = {
				LastUpgradeCheck = 0600;
				ORGANIZATIONNAME = KevinKloud;
				TargetAttributes = {
					3D6AAD9619D7B5400013E5F5 = {
						CreatedOnToolsVersion = 6.0.1;
					};
					3D6AADAB19D7B5410013E5F5 = {
						CreatedOnToolsVersion = 6.0.1;
						TestTargetID = 3D6AAD9619D7B5400013E5F5;
					};
				};
			};
			buildConfigurationList = 3D6AAD9219D7B5400013E5F5 /* Build configuration list for PBXProject "MailCell" */;
			compatibilityVersion = "Xcode 3.2";
			developmentRegion = English;
			hasScannedForEncodings = 0;
			knownRegions = (
				en,
				Base,
			);
			mainGroup = 3D6AAD8E19D7B5400013E5F5;
			productRefGroup = 3D6AAD9819D7B5400013E5F5 /* Products */;
			projectDirPath = "";
			projectRoot = "";
			targets = (
				3D6AAD9619D7B5400013E5F5 /* MailCell */,
				3D6AADAB19D7B5410013E5F5 /* MailCellTests */,
			);
		};
/* End PBXProject section */

/* Begin PBXResourcesBuildPhase section */
		3D6AAD9519D7B5400013E5F5 /* Resources */ = {
			isa = PBXResourcesBuildPhase;
			buildActionMask = 2147483647;
			files = (
				3D6AADC119D7CD510013E5F5 /* Sabon-Roman.ttf in Resources */,
				3D6AADA219D7B5400013E5F5 /* Main.storyboard in Resources */,
				3D6AADBE19D7B56B0013E5F5 /* FuturaStd-Bold.otf in Resources */,
				3D6AADA719D7B5400013E5F5 /* LaunchScreen.xib in Resources */,
				3D4A68F519D88292006A5153 /* HTMLContent in Resources */,
				3D6AADA419D7B5400013E5F5 /* Images.xcassets in Resources */,
				3D6AADBF19D7B56B0013E5F5 /* FuturaStd-Book.otf in Resources */,
			);
			runOnlyForDeploymentPostprocessing = 0;
		};
		3D6AADAA19D7B5410013E5F5 /* Resources */ = {
			isa = PBXResourcesBuildPhase;
			buildActionMask = 2147483647;
			files = (
			);
			runOnlyForDeploymentPostprocessing = 0;
		};
/* End PBXResourcesBuildPhase section */

/* Begin PBXSourcesBuildPhase section */
		3D6AAD9319D7B5400013E5F5 /* Sources */ = {
			isa = PBXSourcesBuildPhase;
			buildActionMask = 2147483647;
			files = (
				3D6AAD9F19D7B5400013E5F5 /* ViewController.swift in Sources */,
				3D4A691519D8BA57006A5153 /* EmailContent.swift in Sources */,
				3D6AAD9D19D7B5400013E5F5 /* AppDelegate.swift in Sources */,
			);
			runOnlyForDeploymentPostprocessing = 0;
		};
		3D6AADA819D7B5410013E5F5 /* Sources */ = {
			isa = PBXSourcesBuildPhase;
			buildActionMask = 2147483647;
			files = (
				3D6AADB319D7B5410013E5F5 /* MailCellTests.swift in Sources */,
			);
			runOnlyForDeploymentPostprocessing = 0;
		};
/* End PBXSourcesBuildPhase section */

/* Begin PBXTargetDependency section */
		3D6AADAE19D7B5410013E5F5 /* PBXTargetDependency */ = {
			isa = PBXTargetDependency;
			target = 3D6AAD9619D7B5400013E5F5 /* MailCell */;
			targetProxy = 3D6AADAD19D7B5410013E5F5 /* PBXContainerItemProxy */;
		};
/* End PBXTargetDependency section */

/* Begin PBXVariantGroup section */
		3D6AADA019D7B5400013E5F5 /* Main.storyboard */ = {
			isa = PBXVariantGroup;
			children = (
				3D6AADA119D7B5400013E5F5 /* Base */,
			);
			name = Main.storyboard;
			sourceTree = "<group>";
		};
		3D6AADA519D7B5400013E5F5 /* LaunchScreen.xib */ = {
			isa = PBXVariantGroup;
			children = (
				3D6AADA619D7B5400013E5F5 /* Base */,
			);
			name = LaunchScreen.xib;
			sourceTree = "<group>";
		};
/* End PBXVariantGroup section */

/* Begin XCBuildConfiguration section */
		3D6AADB419D7B5410013E5F5 /* Debug */ = {
			isa = XCBuildConfiguration;
			buildSettings = {
				ALWAYS_SEARCH_USER_PATHS = NO;
				CLANG_CXX_LANGUAGE_STANDARD = "gnu++0x";
				CLANG_CXX_LIBRARY = "libc++";
				CLANG_ENABLE_MODULES = YES;
				CLANG_ENABLE_OBJC_ARC = YES;
				CLANG_WARN_BOOL_CONVERSION = YES;
				CLANG_WARN_CONSTANT_CONVERSION = YES;
				CLANG_WARN_DIRECT_OBJC_ISA_USAGE = YES_ERROR;
				CLANG_WARN_EMPTY_BODY = YES;
				CLANG_WARN_ENUM_CONVERSION = YES;
				CLANG_WARN_INT_CONVERSION = YES;
				CLANG_WARN_OBJC_ROOT_CLASS = YES_ERROR;
				CLANG_WARN_UNREACHABLE_CODE = YES;
				CLANG_WARN__DUPLICATE_METHOD_MATCH = YES;
				"CODE_SIGN_IDENTITY[sdk=iphoneos*]" = "iPhone Developer";
				COPY_PHASE_STRIP = NO;
				ENABLE_STRICT_OBJC_MSGSEND = YES;
				GCC_C_LANGUAGE_STANDARD = gnu99;
				GCC_DYNAMIC_NO_PIC = NO;
				GCC_OPTIMIZATION_LEVEL = 0;
				GCC_PREPROCESSOR_DEFINITIONS = (
					"DEBUG=1",
					"$(inherited)",
				);
				GCC_SYMBOLS_PRIVATE_EXTERN = NO;
				GCC_WARN_64_TO_32_BIT_CONVERSION = YES;
				GCC_WARN_ABOUT_RETURN_TYPE = YES_ERROR;
				GCC_WARN_UNDECLARED_SELECTOR = YES;
				GCC_WARN_UNINITIALIZED_AUTOS = YES_AGGRESSIVE;
				GCC_WARN_UNUSED_FUNCTION = YES;
				GCC_WARN_UNUSED_VARIABLE = YES;
				IPHONEOS_DEPLOYMENT_TARGET = 8.0;
				MTL_ENABLE_DEBUG_INFO = YES;
				ONLY_ACTIVE_ARCH = YES;
				SDKROOT = iphoneos;
				SWIFT_OPTIMIZATION_LEVEL = "-Onone";
			};
			name = Debug;
		};
		3D6AADB519D7B5410013E5F5 /* Release */ = {
			isa = XCBuildConfiguration;
			buildSettings = {
				ALWAYS_SEARCH_USER_PATHS = NO;
				CLANG_CXX_LANGUAGE_STANDARD = "gnu++0x";
				CLANG_CXX_LIBRARY = "libc++";
				CLANG_ENABLE_MODULES = YES;
				CLANG_ENABLE_OBJC_ARC = YES;
				CLANG_WARN_BOOL_CONVERSION = YES;
				CLANG_WARN_CONSTANT_CONVERSION = YES;
				CLANG_WARN_DIRECT_OBJC_ISA_USAGE = YES_ERROR;
				CLANG_WARN_EMPTY_BODY = YES;
				CLANG_WARN_ENUM_CONVERSION = YES;
				CLANG_WARN_INT_CONVERSION = YES;
				CLANG_WARN_OBJC_ROOT_CLASS = YES_ERROR;
				CLANG_WARN_UNREACHABLE_CODE = YES;
				CLANG_WARN__DUPLICATE_METHOD_MATCH = YES;
				"CODE_SIGN_IDENTITY[sdk=iphoneos*]" = "iPhone Developer";
				COPY_PHASE_STRIP = YES;
				ENABLE_NS_ASSERTIONS = NO;
				ENABLE_STRICT_OBJC_MSGSEND = YES;
				GCC_C_LANGUAGE_STANDARD = gnu99;
				GCC_WARN_64_TO_32_BIT_CONVERSION = YES;
				GCC_WARN_ABOUT_RETURN_TYPE = YES_ERROR;
				GCC_WARN_UNDECLARED_SELECTOR = YES;
				GCC_WARN_UNINITIALIZED_AUTOS = YES_AGGRESSIVE;
				GCC_WARN_UNUSED_FUNCTION = YES;
				GCC_WARN_UNUSED_VARIABLE = YES;
				IPHONEOS_DEPLOYMENT_TARGET = 8.0;
				MTL_ENABLE_DEBUG_INFO = NO;
				SDKROOT = iphoneos;
				VALIDATE_PRODUCT = YES;
			};
			name = Release;
		};
		3D6AADB719D7B5410013E5F5 /* Debug */ = {
			isa = XCBuildConfiguration;
			buildSettings = {
				ASSETCATALOG_COMPILER_APPICON_NAME = AppIcon;
				INFOPLIST_FILE = MailCell/Info.plist;
				LD_RUNPATH_SEARCH_PATHS = "$(inherited) @executable_path/Frameworks";
				PRODUCT_NAME = "$(TARGET_NAME)";
			};
			name = Debug;
		};
		3D6AADB819D7B5410013E5F5 /* Release */ = {
			isa = XCBuildConfiguration;
			buildSettings = {
				ASSETCATALOG_COMPILER_APPICON_NAME = AppIcon;
				INFOPLIST_FILE = MailCell/Info.plist;
				LD_RUNPATH_SEARCH_PATHS = "$(inherited) @executable_path/Frameworks";
				PRODUCT_NAME = "$(TARGET_NAME)";
			};
			name = Release;
		};
		3D6AADBA19D7B5410013E5F5 /* Debug */ = {
			isa = XCBuildConfiguration;
			buildSettings = {
				BUNDLE_LOADER = "$(TEST_HOST)";
				FRAMEWORK_SEARCH_PATHS = (
					"$(SDKROOT)/Developer/Library/Frameworks",
					"$(inherited)",
				);
				GCC_PREPROCESSOR_DEFINITIONS = (
					"DEBUG=1",
					"$(inherited)",
				);
				INFOPLIST_FILE = MailCellTests/Info.plist;
				LD_RUNPATH_SEARCH_PATHS = "$(inherited) @executable_path/Frameworks @loader_path/Frameworks";
				PRODUCT_NAME = "$(TARGET_NAME)";
				TEST_HOST = "$(BUILT_PRODUCTS_DIR)/MailCell.app/MailCell";
			};
			name = Debug;
		};
		3D6AADBB19D7B5410013E5F5 /* Release */ = {
			isa = XCBuildConfiguration;
			buildSettings = {
				BUNDLE_LOADER = "$(TEST_HOST)";
				FRAMEWORK_SEARCH_PATHS = (
					"$(SDKROOT)/Developer/Library/Frameworks",
					"$(inherited)",
				);
				INFOPLIST_FILE = MailCellTests/Info.plist;
				LD_RUNPATH_SEARCH_PATHS = "$(inherited) @executable_path/Frameworks @loader_path/Frameworks";
				PRODUCT_NAME = "$(TARGET_NAME)";
				TEST_HOST = "$(BUILT_PRODUCTS_DIR)/MailCell.app/MailCell";
			};
			name = Release;
		};
/* End XCBuildConfiguration section */

/* Begin XCConfigurationList section */
		3D6AAD9219D7B5400013E5F5 /* Build configuration list for PBXProject "MailCell" */ = {
			isa = XCConfigurationList;
			buildConfigurations = (
				3D6AADB419D7B5410013E5F5 /* Debug */,
				3D6AADB519D7B5410013E5F5 /* Release */,
			);
			defaultConfigurationIsVisible = 0;
			defaultConfigurationName = Release;
		};
		3D6AADB619D7B5410013E5F5 /* Build configuration list for PBXNativeTarget "MailCell" */ = {
			isa = XCConfigurationList;
			buildConfigurations = (
				3D6AADB719D7B5410013E5F5 /* Debug */,
				3D6AADB819D7B5410013E5F5 /* Release */,
			);
			defaultConfigurationIsVisible = 0;
			defaultConfigurationName = Release;
		};
		3D6AADB919D7B5410013E5F5 /* Build configuration list for PBXNativeTarget "MailCellTests" */ = {
			isa = XCConfigurationList;
			buildConfigurations = (
				3D6AADBA19D7B5410013E5F5 /* Debug */,
				3D6AADBB19D7B5410013E5F5 /* Release */,
			);
			defaultConfigurationIsVisible = 0;
			defaultConfigurationName = Release;
		};
/* End XCConfigurationList section */
	};
	rootObject = 3D6AAD8F19D7B5400013E5F5 /* Project object */;
}
